PODS:
  - Agatha (0.1.1):
    - Nimble (~> 7.1.0)
    - Quick (~> 1.3.0)
    - RxSwift (~> 4.0)
    - RxTest (~> 4.0)
  - Nimble (7.1.2)
  - Quick (1.3.0)
  - RxSwift (4.2.0)
  - RxTest (4.2.0):
    - RxSwift (~> 4.0)

DEPENDENCIES:
  - Agatha (from `../`)

SPEC REPOS:
  https://github.com/cocoapods/specs.git:
    - Nimble
    - Quick
    - RxSwift
    - RxTest

EXTERNAL SOURCES:
  Agatha:
    :path: "../"

SPEC CHECKSUMS:
  Agatha: bdda58e60764f898bf6af8bb2297d4675aa26472
  Nimble: 3835ba9f459daa6b347f8a8e110aaae8ca1920a8
  Quick: 03278013f71aa05fe9ecabc94fbcc6835f1ee76f
  RxSwift: 99e10317ddfcc7fbe01356aafd118fde4a0be104
  RxTest: 8da864c0ee47534f586ff18fb0c7e5b2f1fe5023

PODFILE CHECKSUM: 4b755a3b7678dd4486ae3cdcf059e0518323d728

COCOAPODS: 1.5.3
